// !$*UTF8*$!
{
	archiveVersion = 1;
	classes = {
	};
	objectVersion = 60;
	objects = {

/* Begin PBXBuildFile section */
		05AADA642AE1C62500AEB192 /* MockQueueingProvider.swift in Sources */ = {isa = PBXBuildFile; fileRef = 05F340B82AE0733D00827E30 /* MockQueueingProvider.swift */; };
		05F340B92AE0733D00827E30 /* MockQueueingProvider.swift in Sources */ = {isa = PBXBuildFile; fileRef = 05F340B82AE0733D00827E30 /* MockQueueingProvider.swift */; };
		05F340BB2AE0738000827E30 /* MockQueueingProvider.swift in Sources */ = {isa = PBXBuildFile; fileRef = 05F340B82AE0733D00827E30 /* MockQueueingProvider.swift */; };
		2A4D35DE2AD4801E00A4F1B6 /* BuildFile in Frameworks */ = {isa = PBXBuildFile; };
		2A4D35E02AD4801E00A4F1B6 /* BuildFile in Frameworks */ = {isa = PBXBuildFile; };
		2A4D35E22AD4801E00A4F1B6 /* BuildFile in Frameworks */ = {isa = PBXBuildFile; };
		2A4D35EA2AD4932E00A4F1B6 /* AlertDetails.swift in Sources */ = {isa = PBXBuildFile; fileRef = 2A4D35E92AD4932E00A4F1B6 /* AlertDetails.swift */; };
		2A4D35EB2AD4933000A4F1B6 /* AlertDetails.swift in Sources */ = {isa = PBXBuildFile; fileRef = 2A4D35E92AD4932E00A4F1B6 /* AlertDetails.swift */; };
		2A4D35EC2AD4933100A4F1B6 /* AlertDetails.swift in Sources */ = {isa = PBXBuildFile; fileRef = 2A4D35E92AD4932E00A4F1B6 /* AlertDetails.swift */; };
		2A4D35EF2AD4935E00A4F1B6 /* View+AlertView.swift in Sources */ = {isa = PBXBuildFile; fileRef = 2A4D35EE2AD4935E00A4F1B6 /* View+AlertView.swift */; };
		2A4D35F02AD4935E00A4F1B6 /* View+AlertView.swift in Sources */ = {isa = PBXBuildFile; fileRef = 2A4D35EE2AD4935E00A4F1B6 /* View+AlertView.swift */; };
		2A4D35F12AD4935E00A4F1B6 /* View+AlertView.swift in Sources */ = {isa = PBXBuildFile; fileRef = 2A4D35EE2AD4935E00A4F1B6 /* View+AlertView.swift */; };
		2A4D35F32AD4938D00A4F1B6 /* CustomProgress.swift in Sources */ = {isa = PBXBuildFile; fileRef = 2A4D35F22AD4938D00A4F1B6 /* CustomProgress.swift */; };
		2A4D35F42AD4938D00A4F1B6 /* CustomProgress.swift in Sources */ = {isa = PBXBuildFile; fileRef = 2A4D35F22AD4938D00A4F1B6 /* CustomProgress.swift */; };
		2A4D35F52AD4938D00A4F1B6 /* CustomProgress.swift in Sources */ = {isa = PBXBuildFile; fileRef = 2A4D35F22AD4938D00A4F1B6 /* CustomProgress.swift */; };
		2A4D35F72AD493F800A4F1B6 /* AppUIManager.swift in Sources */ = {isa = PBXBuildFile; fileRef = 2A4D35F62AD493F800A4F1B6 /* AppUIManager.swift */; };
		2A4D35F82AD493F800A4F1B6 /* AppUIManager.swift in Sources */ = {isa = PBXBuildFile; fileRef = 2A4D35F62AD493F800A4F1B6 /* AppUIManager.swift */; };
		2A4D35F92AD493F800A4F1B6 /* AppUIManager.swift in Sources */ = {isa = PBXBuildFile; fileRef = 2A4D35F62AD493F800A4F1B6 /* AppUIManager.swift */; };
		2A4D35FB2AD49AB000A4F1B6 /* Constant.swift in Sources */ = {isa = PBXBuildFile; fileRef = 2A4D35FA2AD49AB000A4F1B6 /* Constant.swift */; };
		2A4D35FC2AD49AB000A4F1B6 /* Constant.swift in Sources */ = {isa = PBXBuildFile; fileRef = 2A4D35FA2AD49AB000A4F1B6 /* Constant.swift */; };
		2A4D35FD2AD49AB000A4F1B6 /* Constant.swift in Sources */ = {isa = PBXBuildFile; fileRef = 2A4D35FA2AD49AB000A4F1B6 /* Constant.swift */; };
		2AB0EEF72AE055D700391079 /* ReservationButtonsView.swift in Sources */ = {isa = PBXBuildFile; fileRef = 2AB0EEF62AE055D700391079 /* ReservationButtonsView.swift */; };
		2AB0EEF82AE055D700391079 /* ReservationButtonsView.swift in Sources */ = {isa = PBXBuildFile; fileRef = 2AB0EEF62AE055D700391079 /* ReservationButtonsView.swift */; };
		2AB0EEF92AE055D700391079 /* ReservationButtonsView.swift in Sources */ = {isa = PBXBuildFile; fileRef = 2AB0EEF62AE055D700391079 /* ReservationButtonsView.swift */; };
		2AB0EEFB2AE0650900391079 /* PickReservationView.swift in Sources */ = {isa = PBXBuildFile; fileRef = 2AB0EEFA2AE0650900391079 /* PickReservationView.swift */; };
		2AB0EEFC2AE0650900391079 /* PickReservationView.swift in Sources */ = {isa = PBXBuildFile; fileRef = 2AB0EEFA2AE0650900391079 /* PickReservationView.swift */; };
		2AB0EEFD2AE0650900391079 /* PickReservationView.swift in Sources */ = {isa = PBXBuildFile; fileRef = 2AB0EEFA2AE0650900391079 /* PickReservationView.swift */; };
		3881526C2ACB565800F02A49 /* QueueingSampleApp.swift in Sources */ = {isa = PBXBuildFile; fileRef = 3881526B2ACB565800F02A49 /* QueueingSampleApp.swift */; };
		3881526E2ACB565800F02A49 /* QueueingHomeView.swift in Sources */ = {isa = PBXBuildFile; fileRef = 3881526D2ACB565800F02A49 /* QueueingHomeView.swift */; };
		388152702ACB565900F02A49 /* Assets.xcassets in Resources */ = {isa = PBXBuildFile; fileRef = 3881526F2ACB565900F02A49 /* Assets.xcassets */; };
		388152742ACB565900F02A49 /* Preview Assets.xcassets in Resources */ = {isa = PBXBuildFile; fileRef = 388152732ACB565900F02A49 /* Preview Assets.xcassets */; };
		388152982ACB5F9200F02A49 /* CustomButton.swift in Sources */ = {isa = PBXBuildFile; fileRef = 388152972ACB5F9200F02A49 /* CustomButton.swift */; };
		3881529E2ACB62AA00F02A49 /* AttractionListView.swift in Sources */ = {isa = PBXBuildFile; fileRef = 3881529D2ACB62AA00F02A49 /* AttractionListView.swift */; };
		38FDCB112ACCA8920026EF29 /* AttractionViewModel.swift in Sources */ = {isa = PBXBuildFile; fileRef = 38FDCB102ACCA8920026EF29 /* AttractionViewModel.swift */; };
		38FDCB122ACCA8920026EF29 /* AttractionViewModel.swift in Sources */ = {isa = PBXBuildFile; fileRef = 38FDCB102ACCA8920026EF29 /* AttractionViewModel.swift */; };
		38FDCB132ACCA8920026EF29 /* AttractionViewModel.swift in Sources */ = {isa = PBXBuildFile; fileRef = 38FDCB102ACCA8920026EF29 /* AttractionViewModel.swift */; };
		38FDCB152ACCA8E50026EF29 /* AttractionRowView.swift in Sources */ = {isa = PBXBuildFile; fileRef = 38FDCB142ACCA8E50026EF29 /* AttractionRowView.swift */; };
		38FDCB162ACCA8E50026EF29 /* AttractionRowView.swift in Sources */ = {isa = PBXBuildFile; fileRef = 38FDCB142ACCA8E50026EF29 /* AttractionRowView.swift */; };
		38FDCB172ACCA8E50026EF29 /* AttractionRowView.swift in Sources */ = {isa = PBXBuildFile; fileRef = 38FDCB142ACCA8E50026EF29 /* AttractionRowView.swift */; };
		38FDCB192ACCAFEC0026EF29 /* AttractionDetailView.swift in Sources */ = {isa = PBXBuildFile; fileRef = 38FDCB182ACCAFEC0026EF29 /* AttractionDetailView.swift */; };
		38FDCB1A2ACCAFEC0026EF29 /* AttractionDetailView.swift in Sources */ = {isa = PBXBuildFile; fileRef = 38FDCB182ACCAFEC0026EF29 /* AttractionDetailView.swift */; };
		38FDCB1B2ACCAFEC0026EF29 /* AttractionDetailView.swift in Sources */ = {isa = PBXBuildFile; fileRef = 38FDCB182ACCAFEC0026EF29 /* AttractionDetailView.swift */; };
		38FDCB1C2ACCB6DD0026EF29 /* QueueingHomeView.swift in Sources */ = {isa = PBXBuildFile; fileRef = 3881526D2ACB565800F02A49 /* QueueingHomeView.swift */; };
		38FDCB1D2ACCB6DE0026EF29 /* QueueingHomeView.swift in Sources */ = {isa = PBXBuildFile; fileRef = 3881526D2ACB565800F02A49 /* QueueingHomeView.swift */; };
		38FDCB1E2ACCB6E00026EF29 /* CustomButton.swift in Sources */ = {isa = PBXBuildFile; fileRef = 388152972ACB5F9200F02A49 /* CustomButton.swift */; };
		38FDCB1F2ACCB6E00026EF29 /* CustomButton.swift in Sources */ = {isa = PBXBuildFile; fileRef = 388152972ACB5F9200F02A49 /* CustomButton.swift */; };
		38FDCB202ACCB6E20026EF29 /* AttractionListView.swift in Sources */ = {isa = PBXBuildFile; fileRef = 3881529D2ACB62AA00F02A49 /* AttractionListView.swift */; };
		38FDCB212ACCB6E20026EF29 /* AttractionListView.swift in Sources */ = {isa = PBXBuildFile; fileRef = 3881529D2ACB62AA00F02A49 /* AttractionListView.swift */; };
		38FDCB222ACCB6F00026EF29 /* QueueingSampleApp.swift in Sources */ = {isa = PBXBuildFile; fileRef = 3881526B2ACB565800F02A49 /* QueueingSampleApp.swift */; };
		38FDCB232ACCB6F00026EF29 /* QueueingSampleApp.swift in Sources */ = {isa = PBXBuildFile; fileRef = 3881526B2ACB565800F02A49 /* QueueingSampleApp.swift */; };
		38FDCB372ACDBB800026EF29 /* Accesso-Info.plist in Resources */ = {isa = PBXBuildFile; fileRef = 38FDCB362ACDBB800026EF29 /* Accesso-Info.plist */; };
		38FDCB382ACDBB800026EF29 /* Accesso-Info.plist in Resources */ = {isa = PBXBuildFile; fileRef = 38FDCB362ACDBB800026EF29 /* Accesso-Info.plist */; };
		38FDCB392ACDBB800026EF29 /* Accesso-Info.plist in Resources */ = {isa = PBXBuildFile; fileRef = 38FDCB362ACDBB800026EF29 /* Accesso-Info.plist */; };
		BBEBAC352AD46D9E00C8BCDE /* PreviewMockData.swift in Sources */ = {isa = PBXBuildFile; fileRef = BBEBAC342AD46D9E00C8BCDE /* PreviewMockData.swift */; };
		BBEBAC362AD477AB00C8BCDE /* PreviewMockData.swift in Sources */ = {isa = PBXBuildFile; fileRef = BBEBAC342AD46D9E00C8BCDE /* PreviewMockData.swift */; };
		BBEBAC372AD477AB00C8BCDE /* PreviewMockData.swift in Sources */ = {isa = PBXBuildFile; fileRef = BBEBAC342AD46D9E00C8BCDE /* PreviewMockData.swift */; };
/* End PBXBuildFile section */

/* Begin PBXContainerItemProxy section */
		3881527A2ACB565A00F02A49 /* PBXContainerItemProxy */ = {
			isa = PBXContainerItemProxy;
			containerPortal = 388152602ACB565800F02A49 /* Project object */;
			proxyType = 1;
			remoteGlobalIDString = 388152672ACB565800F02A49;
			remoteInfo = QueueingSample;
		};
		388152842ACB565A00F02A49 /* PBXContainerItemProxy */ = {
			isa = PBXContainerItemProxy;
			containerPortal = 388152602ACB565800F02A49 /* Project object */;
			proxyType = 1;
			remoteGlobalIDString = 388152672ACB565800F02A49;
			remoteInfo = QueueingSample;
		};
/* End PBXContainerItemProxy section */

/* Begin PBXFileReference section */
		05F340B82AE0733D00827E30 /* MockQueueingProvider.swift */ = {isa = PBXFileReference; lastKnownFileType = sourcecode.swift; path = MockQueueingProvider.swift; sourceTree = "<group>"; };
		2A4D35E92AD4932E00A4F1B6 /* AlertDetails.swift */ = {isa = PBXFileReference; lastKnownFileType = sourcecode.swift; path = AlertDetails.swift; sourceTree = "<group>"; };
		2A4D35EE2AD4935E00A4F1B6 /* View+AlertView.swift */ = {isa = PBXFileReference; lastKnownFileType = sourcecode.swift; path = "View+AlertView.swift"; sourceTree = "<group>"; };
		2A4D35F22AD4938D00A4F1B6 /* CustomProgress.swift */ = {isa = PBXFileReference; lastKnownFileType = sourcecode.swift; path = CustomProgress.swift; sourceTree = "<group>"; };
		2A4D35F62AD493F800A4F1B6 /* AppUIManager.swift */ = {isa = PBXFileReference; lastKnownFileType = sourcecode.swift; path = AppUIManager.swift; sourceTree = "<group>"; };
		2A4D35FA2AD49AB000A4F1B6 /* Constant.swift */ = {isa = PBXFileReference; lastKnownFileType = sourcecode.swift; path = Constant.swift; sourceTree = "<group>"; };
		2AB0EEF62AE055D700391079 /* ReservationButtonsView.swift */ = {isa = PBXFileReference; lastKnownFileType = sourcecode.swift; path = ReservationButtonsView.swift; sourceTree = "<group>"; };
		2AB0EEFA2AE0650900391079 /* PickReservationView.swift */ = {isa = PBXFileReference; lastKnownFileType = sourcecode.swift; path = PickReservationView.swift; sourceTree = "<group>"; };
		388152682ACB565800F02A49 /* QueueingSample.app */ = {isa = PBXFileReference; explicitFileType = wrapper.application; includeInIndex = 0; path = QueueingSample.app; sourceTree = BUILT_PRODUCTS_DIR; };
		3881526B2ACB565800F02A49 /* QueueingSampleApp.swift */ = {isa = PBXFileReference; lastKnownFileType = sourcecode.swift; path = QueueingSampleApp.swift; sourceTree = "<group>"; };
		3881526D2ACB565800F02A49 /* QueueingHomeView.swift */ = {isa = PBXFileReference; lastKnownFileType = sourcecode.swift; path = QueueingHomeView.swift; sourceTree = "<group>"; };
		3881526F2ACB565900F02A49 /* Assets.xcassets */ = {isa = PBXFileReference; lastKnownFileType = folder.assetcatalog; path = Assets.xcassets; sourceTree = "<group>"; };
		388152712ACB565900F02A49 /* QueueingSample.entitlements */ = {isa = PBXFileReference; lastKnownFileType = text.plist.entitlements; path = QueueingSample.entitlements; sourceTree = "<group>"; };
		388152732ACB565900F02A49 /* Preview Assets.xcassets */ = {isa = PBXFileReference; lastKnownFileType = folder.assetcatalog; path = "Preview Assets.xcassets"; sourceTree = "<group>"; };
		388152972ACB5F9200F02A49 /* CustomButton.swift */ = {isa = PBXFileReference; lastKnownFileType = sourcecode.swift; path = CustomButton.swift; sourceTree = "<group>"; };
		3881529D2ACB62AA00F02A49 /* AttractionListView.swift */ = {isa = PBXFileReference; lastKnownFileType = sourcecode.swift; path = AttractionListView.swift; sourceTree = "<group>"; };
		38FDCB102ACCA8920026EF29 /* AttractionViewModel.swift */ = {isa = PBXFileReference; fileEncoding = 4; lastKnownFileType = sourcecode.swift; path = AttractionViewModel.swift; sourceTree = "<group>"; };
		38FDCB142ACCA8E50026EF29 /* AttractionRowView.swift */ = {isa = PBXFileReference; lastKnownFileType = sourcecode.swift; path = AttractionRowView.swift; sourceTree = "<group>"; };
		38FDCB182ACCAFEC0026EF29 /* AttractionDetailView.swift */ = {isa = PBXFileReference; lastKnownFileType = sourcecode.swift; path = AttractionDetailView.swift; sourceTree = "<group>"; };
		38FDCB362ACDBB800026EF29 /* Accesso-Info.plist */ = {isa = PBXFileReference; fileEncoding = 4; lastKnownFileType = text.plist.xml; path = "Accesso-Info.plist"; sourceTree = "<group>"; };
		38FDCB472ACDC1250026EF29 /* Info.plist */ = {isa = PBXFileReference; lastKnownFileType = text.plist; path = Info.plist; sourceTree = "<group>"; };
		BBEBAC342AD46D9E00C8BCDE /* PreviewMockData.swift */ = {isa = PBXFileReference; lastKnownFileType = sourcecode.swift; path = PreviewMockData.swift; sourceTree = "<group>"; };
/* End PBXFileReference section */

/* Begin PBXFrameworksBuildPhase section */
		388152652ACB565800F02A49 /* Frameworks */ = {
			isa = PBXFrameworksBuildPhase;
			buildActionMask = 2147483647;
			files = (
			);
			runOnlyForDeploymentPostprocessing = 0;
		};
/* End PBXFrameworksBuildPhase section */

/* Begin PBXGroup section */
		2A4D35E82AD4931A00A4F1B6 /* CustomView */ = {
			isa = PBXGroup;
			children = (
				388152972ACB5F9200F02A49 /* CustomButton.swift */,
				2A4D35E92AD4932E00A4F1B6 /* AlertDetails.swift */,
				2A4D35F22AD4938D00A4F1B6 /* CustomProgress.swift */,
			);
			path = CustomView;
			sourceTree = "<group>";
		};
		2A4D35ED2AD4934500A4F1B6 /* Extension */ = {
			isa = PBXGroup;
			children = (
				2A4D35EE2AD4935E00A4F1B6 /* View+AlertView.swift */,
			);
			path = Extension;
			sourceTree = "<group>";
		};
		3881525F2ACB565800F02A49 = {
			isa = PBXGroup;
			children = (
				3881526A2ACB565800F02A49 /* QueueingSample */,
				388152692ACB565800F02A49 /* Products */,
			);
			sourceTree = "<group>";
		};
		388152692ACB565800F02A49 /* Products */ = {
			isa = PBXGroup;
			children = (
				388152682ACB565800F02A49 /* QueueingSample.app */,
			);
			name = Products;
			sourceTree = "<group>";
		};
		3881526A2ACB565800F02A49 /* QueueingSample */ = {
			isa = PBXGroup;
			children = (
				388152712ACB565900F02A49 /* QueueingSample.entitlements */,
				38FDCB362ACDBB800026EF29 /* Accesso-Info.plist */,
				38FDCB472ACDC1250026EF29 /* Info.plist */,
				2A4D35FA2AD49AB000A4F1B6 /* Constant.swift */,
				3881526B2ACB565800F02A49 /* QueueingSampleApp.swift */,
				3881526F2ACB565900F02A49 /* Assets.xcassets */,
				388152722ACB565900F02A49 /* Preview Content */,
				388152962ACB5F7300F02A49 /* View */,
				38FDCB0F2ACCA8920026EF29 /* ViewModel */,
				2A4D35ED2AD4934500A4F1B6 /* Extension */,
			);
			path = QueueingSample;
			sourceTree = "<group>";
		};
		388152722ACB565900F02A49 /* Preview Content */ = {
			isa = PBXGroup;
			children = (
				388152732ACB565900F02A49 /* Preview Assets.xcassets */,
				BBEBAC342AD46D9E00C8BCDE /* PreviewMockData.swift */,
			);
			path = "Preview Content";
			sourceTree = "<group>";
		};
		388152962ACB5F7300F02A49 /* View */ = {
			isa = PBXGroup;
			children = (
				2A4D35E82AD4931A00A4F1B6 /* CustomView */,
				3881526D2ACB565800F02A49 /* QueueingHomeView.swift */,
				3881529D2ACB62AA00F02A49 /* AttractionListView.swift */,
				38FDCB142ACCA8E50026EF29 /* AttractionRowView.swift */,
				38FDCB182ACCAFEC0026EF29 /* AttractionDetailView.swift */,
				2AB0EEF62AE055D700391079 /* ReservationButtonsView.swift */,
				2AB0EEFA2AE0650900391079 /* PickReservationView.swift */,
			);
			path = View;
			sourceTree = "<group>";
		};
		38FDCB0F2ACCA8920026EF29 /* ViewModel */ = {
			isa = PBXGroup;
			children = (
				38FDCB102ACCA8920026EF29 /* AttractionViewModel.swift */,
				2A4D35F62AD493F800A4F1B6 /* AppUIManager.swift */,
				05F340B82AE0733D00827E30 /* MockQueueingProvider.swift */,
			);
			path = ViewModel;
			sourceTree = "<group>";
		};
/* End PBXGroup section */

/* Begin PBXNativeTarget section */
		388152672ACB565800F02A49 /* QueueingSample */ = {
			isa = PBXNativeTarget;
			buildConfigurationList = 3881528D2ACB565A00F02A49 /* Build configuration list for PBXNativeTarget "QueueingSample" */;
			buildPhases = (
				388152642ACB565800F02A49 /* Sources */,
				388152652ACB565800F02A49 /* Frameworks */,
				388152662ACB565800F02A49 /* Resources */,
			);
			buildRules = (
			);
			dependencies = (
			);
			name = QueueingSample;
			productName = QueueingSample;
			productReference = 388152682ACB565800F02A49 /* QueueingSample.app */;
			productType = "com.apple.product-type.application";
		};
/* End PBXNativeTarget section */

/* Begin PBXProject section */
		388152602ACB565800F02A49 /* Project object */ = {
			isa = PBXProject;
			attributes = {
				BuildIndependentTargetsInParallel = 1;
				LastSwiftUpdateCheck = 1500;
				LastUpgradeCheck = 1500;
				TargetAttributes = {
					388152672ACB565800F02A49 = {
						CreatedOnToolsVersion = 15.0;
					};
					388152782ACB565A00F02A49 = {
						CreatedOnToolsVersion = 15.0;
						TestTargetID = 388152672ACB565800F02A49;
					};
					388152822ACB565A00F02A49 = {
						CreatedOnToolsVersion = 15.0;
						TestTargetID = 388152672ACB565800F02A49;
					};
				};
			};
			buildConfigurationList = 388152632ACB565800F02A49 /* Build configuration list for PBXProject "QueueingSample" */;
			compatibilityVersion = "Xcode 14.0";
			developmentRegion = en;
			hasScannedForEncodings = 0;
			knownRegions = (
				en,
				Base,
			);
			mainGroup = 3881525F2ACB565800F02A49;
			productRefGroup = 388152692ACB565800F02A49 /* Products */;
			projectDirPath = "";
			projectRoot = "";
			targets = (
				388152672ACB565800F02A49 /* QueueingSample */,
			);
		};
/* End PBXProject section */

/* Begin PBXResourcesBuildPhase section */
		388152662ACB565800F02A49 /* Resources */ = {
			isa = PBXResourcesBuildPhase;
			buildActionMask = 2147483647;
			files = (
				38FDCB372ACDBB800026EF29 /* Accesso-Info.plist in Resources */,
				388152742ACB565900F02A49 /* Preview Assets.xcassets in Resources */,
				388152702ACB565900F02A49 /* Assets.xcassets in Resources */,
			);
			runOnlyForDeploymentPostprocessing = 0;
		};
/* End PBXResourcesBuildPhase section */

/* Begin PBXSourcesBuildPhase section */
		388152642ACB565800F02A49 /* Sources */ = {
			isa = PBXSourcesBuildPhase;
			buildActionMask = 2147483647;
			files = (
				38FDCB152ACCA8E50026EF29 /* AttractionRowView.swift in Sources */,
				3881526E2ACB565800F02A49 /* QueueingHomeView.swift in Sources */,
				2AB0EEF72AE055D700391079 /* ReservationButtonsView.swift in Sources */,
				2A4D35FB2AD49AB000A4F1B6 /* Constant.swift in Sources */,
				38FDCB192ACCAFEC0026EF29 /* AttractionDetailView.swift in Sources */,
				2A4D35EA2AD4932E00A4F1B6 /* AlertDetails.swift in Sources */,
				2AB0EEFB2AE0650900391079 /* PickReservationView.swift in Sources */,
				38FDCB112ACCA8920026EF29 /* AttractionViewModel.swift in Sources */,
				2A4D35EF2AD4935E00A4F1B6 /* View+AlertView.swift in Sources */,
				3881526C2ACB565800F02A49 /* QueueingSampleApp.swift in Sources */,
				2A4D35F72AD493F800A4F1B6 /* AppUIManager.swift in Sources */,
				388152982ACB5F9200F02A49 /* CustomButton.swift in Sources */,
				BBEBAC352AD46D9E00C8BCDE /* PreviewMockData.swift in Sources */,
				3881529E2ACB62AA00F02A49 /* AttractionListView.swift in Sources */,
				2A4D35F32AD4938D00A4F1B6 /* CustomProgress.swift in Sources */,
				05F340B92AE0733D00827E30 /* MockQueueingProvider.swift in Sources */,
			);
			runOnlyForDeploymentPostprocessing = 0;
		};
/* End PBXSourcesBuildPhase section */

/* Begin XCBuildConfiguration section */
		3881528B2ACB565A00F02A49 /* Debug */ = {
			isa = XCBuildConfiguration;
			buildSettings = {
				ALWAYS_SEARCH_USER_PATHS = NO;
				ASSETCATALOG_COMPILER_GENERATE_SWIFT_ASSET_SYMBOL_EXTENSIONS = YES;
				CLANG_ANALYZER_NONNULL = YES;
				CLANG_ANALYZER_NUMBER_OBJECT_CONVERSION = YES_AGGRESSIVE;
				CLANG_CXX_LANGUAGE_STANDARD = "gnu++20";
				CLANG_ENABLE_MODULES = YES;
				CLANG_ENABLE_OBJC_ARC = YES;
				CLANG_ENABLE_OBJC_WEAK = YES;
				CLANG_WARN_BLOCK_CAPTURE_AUTORELEASING = YES;
				CLANG_WARN_BOOL_CONVERSION = YES;
				CLANG_WARN_COMMA = YES;
				CLANG_WARN_CONSTANT_CONVERSION = YES;
				CLANG_WARN_DEPRECATED_OBJC_IMPLEMENTATIONS = YES;
				CLANG_WARN_DIRECT_OBJC_ISA_USAGE = YES_ERROR;
				CLANG_WARN_DOCUMENTATION_COMMENTS = YES;
				CLANG_WARN_EMPTY_BODY = YES;
				CLANG_WARN_ENUM_CONVERSION = YES;
				CLANG_WARN_INFINITE_RECURSION = YES;
				CLANG_WARN_INT_CONVERSION = YES;
				CLANG_WARN_NON_LITERAL_NULL_CONVERSION = YES;
				CLANG_WARN_OBJC_IMPLICIT_RETAIN_SELF = YES;
				CLANG_WARN_OBJC_LITERAL_CONVERSION = YES;
				CLANG_WARN_OBJC_ROOT_CLASS = YES_ERROR;
				CLANG_WARN_QUOTED_INCLUDE_IN_FRAMEWORK_HEADER = YES;
				CLANG_WARN_RANGE_LOOP_ANALYSIS = YES;
				CLANG_WARN_STRICT_PROTOTYPES = YES;
				CLANG_WARN_SUSPICIOUS_MOVE = YES;
				CLANG_WARN_UNGUARDED_AVAILABILITY = YES_AGGRESSIVE;
				CLANG_WARN_UNREACHABLE_CODE = YES;
				CLANG_WARN__DUPLICATE_METHOD_MATCH = YES;
				COPY_PHASE_STRIP = NO;
				DEBUG_INFORMATION_FORMAT = dwarf;
				ENABLE_STRICT_OBJC_MSGSEND = YES;
				ENABLE_TESTABILITY = YES;
				ENABLE_USER_SCRIPT_SANDBOXING = NO;
				GCC_C_LANGUAGE_STANDARD = gnu17;
				GCC_DYNAMIC_NO_PIC = NO;
				GCC_NO_COMMON_BLOCKS = YES;
				GCC_OPTIMIZATION_LEVEL = 0;
				GCC_PREPROCESSOR_DEFINITIONS = (
					"DEBUG=1",
					"$(inherited)",
				);
				GCC_WARN_64_TO_32_BIT_CONVERSION = YES;
				GCC_WARN_ABOUT_RETURN_TYPE = YES_ERROR;
				GCC_WARN_UNDECLARED_SELECTOR = YES;
				GCC_WARN_UNINITIALIZED_AUTOS = YES_AGGRESSIVE;
				GCC_WARN_UNUSED_FUNCTION = YES;
				GCC_WARN_UNUSED_VARIABLE = YES;
				IPHONEOS_DEPLOYMENT_TARGET = 15.0;
				LOCALIZATION_PREFERS_STRING_CATALOGS = NO;
				MTL_ENABLE_DEBUG_INFO = INCLUDE_SOURCE;
				MTL_FAST_MATH = YES;
				ONLY_ACTIVE_ARCH = YES;
				SDKROOT = "";
				SWIFT_ACTIVE_COMPILATION_CONDITIONS = "DEBUG $(inherited)";
				SWIFT_OPTIMIZATION_LEVEL = "-Onone";
			};
			name = Debug;
		};
		3881528C2ACB565A00F02A49 /* Release */ = {
			isa = XCBuildConfiguration;
			buildSettings = {
				ALWAYS_SEARCH_USER_PATHS = NO;
				ASSETCATALOG_COMPILER_GENERATE_SWIFT_ASSET_SYMBOL_EXTENSIONS = YES;
				CLANG_ANALYZER_NONNULL = YES;
				CLANG_ANALYZER_NUMBER_OBJECT_CONVERSION = YES_AGGRESSIVE;
				CLANG_CXX_LANGUAGE_STANDARD = "gnu++20";
				CLANG_ENABLE_MODULES = YES;
				CLANG_ENABLE_OBJC_ARC = YES;
				CLANG_ENABLE_OBJC_WEAK = YES;
				CLANG_WARN_BLOCK_CAPTURE_AUTORELEASING = YES;
				CLANG_WARN_BOOL_CONVERSION = YES;
				CLANG_WARN_COMMA = YES;
				CLANG_WARN_CONSTANT_CONVERSION = YES;
				CLANG_WARN_DEPRECATED_OBJC_IMPLEMENTATIONS = YES;
				CLANG_WARN_DIRECT_OBJC_ISA_USAGE = YES_ERROR;
				CLANG_WARN_DOCUMENTATION_COMMENTS = YES;
				CLANG_WARN_EMPTY_BODY = YES;
				CLANG_WARN_ENUM_CONVERSION = YES;
				CLANG_WARN_INFINITE_RECURSION = YES;
				CLANG_WARN_INT_CONVERSION = YES;
				CLANG_WARN_NON_LITERAL_NULL_CONVERSION = YES;
				CLANG_WARN_OBJC_IMPLICIT_RETAIN_SELF = YES;
				CLANG_WARN_OBJC_LITERAL_CONVERSION = YES;
				CLANG_WARN_OBJC_ROOT_CLASS = YES_ERROR;
				CLANG_WARN_QUOTED_INCLUDE_IN_FRAMEWORK_HEADER = YES;
				CLANG_WARN_RANGE_LOOP_ANALYSIS = YES;
				CLANG_WARN_STRICT_PROTOTYPES = YES;
				CLANG_WARN_SUSPICIOUS_MOVE = YES;
				CLANG_WARN_UNGUARDED_AVAILABILITY = YES_AGGRESSIVE;
				CLANG_WARN_UNREACHABLE_CODE = YES;
				CLANG_WARN__DUPLICATE_METHOD_MATCH = YES;
				COPY_PHASE_STRIP = NO;
				DEBUG_INFORMATION_FORMAT = "dwarf-with-dsym";
				ENABLE_NS_ASSERTIONS = NO;
				ENABLE_STRICT_OBJC_MSGSEND = YES;
				ENABLE_USER_SCRIPT_SANDBOXING = NO;
				GCC_C_LANGUAGE_STANDARD = gnu17;
				GCC_NO_COMMON_BLOCKS = YES;
				GCC_WARN_64_TO_32_BIT_CONVERSION = YES;
				GCC_WARN_ABOUT_RETURN_TYPE = YES_ERROR;
				GCC_WARN_UNDECLARED_SELECTOR = YES;
				GCC_WARN_UNINITIALIZED_AUTOS = YES_AGGRESSIVE;
				GCC_WARN_UNUSED_FUNCTION = YES;
				GCC_WARN_UNUSED_VARIABLE = YES;
				IPHONEOS_DEPLOYMENT_TARGET = 15.0;
				LOCALIZATION_PREFERS_STRING_CATALOGS = NO;
				MTL_ENABLE_DEBUG_INFO = NO;
				MTL_FAST_MATH = YES;
				SDKROOT = "";
				SWIFT_COMPILATION_MODE = wholemodule;
			};
			name = Release;
		};
		3881528E2ACB565A00F02A49 /* Debug */ = {
			isa = XCBuildConfiguration;
			buildSettings = {
				ASSETCATALOG_COMPILER_APPICON_NAME = AppIcon;
				ASSETCATALOG_COMPILER_GLOBAL_ACCENT_COLOR_NAME = AccentColor;
				CODE_SIGN_ENTITLEMENTS = QueueingSample/QueueingSample.entitlements;
				CODE_SIGN_STYLE = Automatic;
				CURRENT_PROJECT_VERSION = 1;
				DEVELOPMENT_ASSET_PATHS = "\"QueueingSample/Preview Content\"";
				DEVELOPMENT_TEAM = 3ZT729QPPS;
				ENABLE_HARDENED_RUNTIME = YES;
				ENABLE_PREVIEWS = YES;
				GENERATE_INFOPLIST_FILE = YES;
				INFOPLIST_FILE = QueueingSample/Info.plist;
				"INFOPLIST_KEY_UIApplicationSceneManifest_Generation[sdk=iphoneos*]" = YES;
				"INFOPLIST_KEY_UIApplicationSceneManifest_Generation[sdk=iphonesimulator*]" = YES;
				"INFOPLIST_KEY_UIApplicationSupportsIndirectInputEvents[sdk=iphoneos*]" = YES;
				"INFOPLIST_KEY_UIApplicationSupportsIndirectInputEvents[sdk=iphonesimulator*]" = YES;
				"INFOPLIST_KEY_UILaunchScreen_Generation[sdk=iphoneos*]" = YES;
				"INFOPLIST_KEY_UILaunchScreen_Generation[sdk=iphonesimulator*]" = YES;
				"INFOPLIST_KEY_UIStatusBarStyle[sdk=iphoneos*]" = UIStatusBarStyleDefault;
				"INFOPLIST_KEY_UIStatusBarStyle[sdk=iphonesimulator*]" = UIStatusBarStyleDefault;
				INFOPLIST_KEY_UISupportedInterfaceOrientations_iPad = "UIInterfaceOrientationPortrait UIInterfaceOrientationPortraitUpsideDown UIInterfaceOrientationLandscapeLeft UIInterfaceOrientationLandscapeRight";
				INFOPLIST_KEY_UISupportedInterfaceOrientations_iPhone = "UIInterfaceOrientationPortrait UIInterfaceOrientationLandscapeLeft UIInterfaceOrientationLandscapeRight";
				IPHONEOS_DEPLOYMENT_TARGET = 17.0;
				LD_RUNPATH_SEARCH_PATHS = "@executable_path/Frameworks";
				MACOSX_DEPLOYMENT_TARGET = 14.0;
				MARKETING_VERSION = 1.0;
				PRODUCT_BUNDLE_IDENTIFIER = com.accesso.QueueingSample;
				PRODUCT_NAME = "$(TARGET_NAME)";
				SDKROOT = iphoneos;
				SUPPORTED_PLATFORMS = "iphoneos iphonesimulator";
				SUPPORTS_MACCATALYST = NO;
				SUPPORTS_MAC_DESIGNED_FOR_IPHONE_IPAD = YES;
				SWIFT_EMIT_LOC_STRINGS = YES;
				SWIFT_VERSION = 5.0;
				TARGETED_DEVICE_FAMILY = "1,2";
			};
			name = Debug;
		};
		3881528F2ACB565A00F02A49 /* Release */ = {
			isa = XCBuildConfiguration;
			buildSettings = {
				ASSETCATALOG_COMPILER_APPICON_NAME = AppIcon;
				ASSETCATALOG_COMPILER_GLOBAL_ACCENT_COLOR_NAME = AccentColor;
				CODE_SIGN_ENTITLEMENTS = QueueingSample/QueueingSample.entitlements;
				CODE_SIGN_STYLE = Automatic;
				CURRENT_PROJECT_VERSION = 1;
				DEVELOPMENT_ASSET_PATHS = "\"QueueingSample/Preview Content\"";
				DEVELOPMENT_TEAM = 3ZT729QPPS;
				ENABLE_HARDENED_RUNTIME = YES;
				ENABLE_PREVIEWS = YES;
				GENERATE_INFOPLIST_FILE = YES;
				INFOPLIST_FILE = QueueingSample/Info.plist;
				"INFOPLIST_KEY_UIApplicationSceneManifest_Generation[sdk=iphoneos*]" = YES;
				"INFOPLIST_KEY_UIApplicationSceneManifest_Generation[sdk=iphonesimulator*]" = YES;
				"INFOPLIST_KEY_UIApplicationSupportsIndirectInputEvents[sdk=iphoneos*]" = YES;
				"INFOPLIST_KEY_UIApplicationSupportsIndirectInputEvents[sdk=iphonesimulator*]" = YES;
				"INFOPLIST_KEY_UILaunchScreen_Generation[sdk=iphoneos*]" = YES;
				"INFOPLIST_KEY_UILaunchScreen_Generation[sdk=iphonesimulator*]" = YES;
				"INFOPLIST_KEY_UIStatusBarStyle[sdk=iphoneos*]" = UIStatusBarStyleDefault;
				"INFOPLIST_KEY_UIStatusBarStyle[sdk=iphonesimulator*]" = UIStatusBarStyleDefault;
				INFOPLIST_KEY_UISupportedInterfaceOrientations_iPad = "UIInterfaceOrientationPortrait UIInterfaceOrientationPortraitUpsideDown UIInterfaceOrientationLandscapeLeft UIInterfaceOrientationLandscapeRight";
				INFOPLIST_KEY_UISupportedInterfaceOrientations_iPhone = "UIInterfaceOrientationPortrait UIInterfaceOrientationLandscapeLeft UIInterfaceOrientationLandscapeRight";
				IPHONEOS_DEPLOYMENT_TARGET = 17.0;
				LD_RUNPATH_SEARCH_PATHS = "@executable_path/Frameworks";
				MACOSX_DEPLOYMENT_TARGET = 14.0;
				MARKETING_VERSION = 1.0;
				PRODUCT_BUNDLE_IDENTIFIER = com.accesso.QueueingSample;
				PRODUCT_NAME = "$(TARGET_NAME)";
				SDKROOT = iphoneos;
				SUPPORTED_PLATFORMS = "iphoneos iphonesimulator";
				SUPPORTS_MACCATALYST = NO;
				SUPPORTS_MAC_DESIGNED_FOR_IPHONE_IPAD = YES;
				SWIFT_EMIT_LOC_STRINGS = YES;
				SWIFT_VERSION = 5.0;
				TARGETED_DEVICE_FAMILY = "1,2";
			};
			name = Release;
		};
/* End XCBuildConfiguration section */

/* Begin XCConfigurationList section */
		388152632ACB565800F02A49 /* Build configuration list for PBXProject "QueueingSample" */ = {
			isa = XCConfigurationList;
			buildConfigurations = (
				3881528B2ACB565A00F02A49 /* Debug */,
				3881528C2ACB565A00F02A49 /* Release */,
			);
			defaultConfigurationIsVisible = 0;
			defaultConfigurationName = Release;
		};
		3881528D2ACB565A00F02A49 /* Build configuration list for PBXNativeTarget "QueueingSample" */ = {
			isa = XCConfigurationList;
			buildConfigurations = (
				3881528E2ACB565A00F02A49 /* Debug */,
				3881528F2ACB565A00F02A49 /* Release */,
			);
			defaultConfigurationIsVisible = 0;
			defaultConfigurationName = Release;
		};
/* End XCConfigurationList section */
	};
	rootObject = 388152602ACB565800F02A49 /* Project object */;
}
