// !$*UTF8*$!
{
	archiveVersion = 1;
	classes = {
	};
	objectVersion = 60;
	objects = {

/* Begin PBXBuildFile section */
		BBDB34EA2B06DA1D00FC5B5D /* WalletSampleApp.swift in Sources */ = {isa = PBXBuildFile; fileRef = BBDB34E92B06DA1D00FC5B5D /* WalletSampleApp.swift */; };
		BBDB34EC2B06DA1D00FC5B5D /* ContentView.swift in Sources */ = {isa = PBXBuildFile; fileRef = BBDB34EB2B06DA1D00FC5B5D /* ContentView.swift */; };
		BBDB34F12B06DA1E00FC5B5D /* Preview Assets.xcassets in Resources */ = {isa = PBXBuildFile; fileRef = BBDB34F02B06DA1E00FC5B5D /* Preview Assets.xcassets */; };
		BBDB351B2B06DA8600FC5B5D /* Accesso-Info.plist in Resources */ = {isa = PBXBuildFile; fileRef = BBDB351A2B06DA8500FC5B5D /* Accesso-Info.plist */; };
		BBDB35212B06DAD700FC5B5D /* Assets.xcassets in Resources */ = {isa = PBXBuildFile; fileRef = BBDB35202B06DAD700FC5B5D /* Assets.xcassets */; };
		BBDB35232B06DC3100FC5B5D /* pass.json in Resources */ = {isa = PBXBuildFile; fileRef = BBDB35222B06DC3100FC5B5D /* pass.json */; };
/* End PBXBuildFile section */

/* Begin PBXContainerItemProxy section */
		BBDB34F72B06DA1E00FC5B5D /* PBXContainerItemProxy */ = {
			isa = PBXContainerItemProxy;
			containerPortal = BBDB34DE2B06DA1D00FC5B5D /* Project object */;
			proxyType = 1;
			remoteGlobalIDString = BBDB34E52B06DA1D00FC5B5D;
			remoteInfo = WalletSample;
		};
		BBDB35012B06DA1E00FC5B5D /* PBXContainerItemProxy */ = {
			isa = PBXContainerItemProxy;
			containerPortal = BBDB34DE2B06DA1D00FC5B5D /* Project object */;
			proxyType = 1;
			remoteGlobalIDString = BBDB34E52B06DA1D00FC5B5D;
			remoteInfo = WalletSample;
		};
/* End PBXContainerItemProxy section */

/* Begin PBXFileReference section */
		BBDB34E62B06DA1D00FC5B5D /* WalletSample.app */ = {isa = PBXFileReference; explicitFileType = wrapper.application; includeInIndex = 0; path = WalletSample.app; sourceTree = BUILT_PRODUCTS_DIR; };
		BBDB34E92B06DA1D00FC5B5D /* WalletSampleApp.swift */ = {isa = PBXFileReference; lastKnownFileType = sourcecode.swift; path = WalletSampleApp.swift; sourceTree = "<group>"; };
		BBDB34EB2B06DA1D00FC5B5D /* ContentView.swift */ = {isa = PBXFileReference; lastKnownFileType = sourcecode.swift; path = ContentView.swift; sourceTree = "<group>"; };
		BBDB34F02B06DA1E00FC5B5D /* Preview Assets.xcassets */ = {isa = PBXFileReference; lastKnownFileType = folder.assetcatalog; path = "Preview Assets.xcassets"; sourceTree = "<group>"; };
		BBDB351A2B06DA8500FC5B5D /* Accesso-Info.plist */ = {isa = PBXFileReference; fileEncoding = 4; lastKnownFileType = text.plist.xml; path = "Accesso-Info.plist"; sourceTree = "<group>"; };
		BBDB35202B06DAD700FC5B5D /* Assets.xcassets */ = {isa = PBXFileReference; lastKnownFileType = folder.assetcatalog; path = Assets.xcassets; sourceTree = "<group>"; };
		BBDB35222B06DC3100FC5B5D /* pass.json */ = {isa = PBXFileReference; fileEncoding = 4; lastKnownFileType = text.json; path = pass.json; sourceTree = "<group>"; };
/* End PBXFileReference section */

/* Begin PBXFrameworksBuildPhase section */
		BBDB34E32B06DA1D00FC5B5D /* Frameworks */ = {
			isa = PBXFrameworksBuildPhase;
			buildActionMask = 2147483647;
			files = (
			);
			runOnlyForDeploymentPostprocessing = 0;
		};
/* End PBXFrameworksBuildPhase section */

/* Begin PBXGroup section */
		BBDB34DD2B06DA1D00FC5B5D = {
			isa = PBXGroup;
			children = (
				BBDB34E82B06DA1D00FC5B5D /* WalletSample */,
				BBDB34E72B06DA1D00FC5B5D /* Products */,
			);
			sourceTree = "<group>";
		};
		BBDB34E72B06DA1D00FC5B5D /* Products */ = {
			isa = PBXGroup;
			children = (
				BBDB34E62B06DA1D00FC5B5D /* WalletSample.app */,
			);
			name = Products;
			sourceTree = "<group>";
		};
		BBDB34E82B06DA1D00FC5B5D /* WalletSample */ = {
			isa = PBXGroup;
			children = (
				BBDB35202B06DAD700FC5B5D /* Assets.xcassets */,
				BBDB351A2B06DA8500FC5B5D /* Accesso-Info.plist */,
				BBDB35222B06DC3100FC5B5D /* pass.json */,
				BBDB34E92B06DA1D00FC5B5D /* WalletSampleApp.swift */,
				BBDB34EB2B06DA1D00FC5B5D /* ContentView.swift */,
				BBDB34EF2B06DA1E00FC5B5D /* Preview Content */,
			);
			path = WalletSample;
			sourceTree = "<group>";
		};
		BBDB34EF2B06DA1E00FC5B5D /* Preview Content */ = {
			isa = PBXGroup;
			children = (
				BBDB34F02B06DA1E00FC5B5D /* Preview Assets.xcassets */,
			);
			path = "Preview Content";
			sourceTree = "<group>";
		};
/* End PBXGroup section */

/* Begin PBXNativeTarget section */
		BBDB34E52B06DA1D00FC5B5D /* WalletSample */ = {
			isa = PBXNativeTarget;
			buildConfigurationList = BBDB350A2B06DA1E00FC5B5D /* Build configuration list for PBXNativeTarget "WalletSample" */;
			buildPhases = (
				BBA429C72B1E6D9B0005241B /* ShellScript */,
				BBDB34E22B06DA1D00FC5B5D /* Sources */,
				BBDB34E32B06DA1D00FC5B5D /* Frameworks */,
				BBDB34E42B06DA1D00FC5B5D /* Resources */,
			);
			buildRules = (
			);
			dependencies = (
			);
			name = WalletSample;
			productName = WalletSample;
			productReference = BBDB34E62B06DA1D00FC5B5D /* WalletSample.app */;
			productType = "com.apple.product-type.application";
		};
/* End PBXNativeTarget section */

/* Begin PBXProject section */
		BBDB34DE2B06DA1D00FC5B5D /* Project object */ = {
			isa = PBXProject;
			attributes = {
				BuildIndependentTargetsInParallel = 1;
				LastSwiftUpdateCheck = 1500;
				LastUpgradeCheck = 1500;
				TargetAttributes = {
					BBDB34E52B06DA1D00FC5B5D = {
						CreatedOnToolsVersion = 15.0;
					};
					BBDB34F52B06DA1E00FC5B5D = {
						CreatedOnToolsVersion = 15.0;
						TestTargetID = BBDB34E52B06DA1D00FC5B5D;
					};
					BBDB34FF2B06DA1E00FC5B5D = {
						CreatedOnToolsVersion = 15.0;
						TestTargetID = BBDB34E52B06DA1D00FC5B5D;
					};
				};
			};
			buildConfigurationList = BBDB34E12B06DA1D00FC5B5D /* Build configuration list for PBXProject "WalletSample" */;
			compatibilityVersion = "Xcode 14.0";
			developmentRegion = en;
			hasScannedForEncodings = 0;
			knownRegions = (
				en,
				Base,
			);
			mainGroup = BBDB34DD2B06DA1D00FC5B5D;
			productRefGroup = BBDB34E72B06DA1D00FC5B5D /* Products */;
			projectDirPath = "";
			projectRoot = "";
			targets = (
				BBDB34E52B06DA1D00FC5B5D /* WalletSample */,
			);
		};
/* End PBXProject section */

/* Begin PBXResourcesBuildPhase section */
		BBDB34E42B06DA1D00FC5B5D /* Resources */ = {
			isa = PBXResourcesBuildPhase;
			buildActionMask = 2147483647;
			files = (
				BBDB35232B06DC3100FC5B5D /* pass.json in Resources */,
				BBDB351B2B06DA8600FC5B5D /* Accesso-Info.plist in Resources */,
				BBDB34F12B06DA1E00FC5B5D /* Preview Assets.xcassets in Resources */,
				BBDB35212B06DAD700FC5B5D /* Assets.xcassets in Resources */,
			);
			runOnlyForDeploymentPostprocessing = 0;
		};
/* End PBXResourcesBuildPhase section */

/* Begin PBXShellScriptBuildPhase section */
		BBA429C72B1E6D9B0005241B /* ShellScript */ = {
			isa = PBXShellScriptBuildPhase;
			alwaysOutOfDate = 1;
			buildActionMask = 2147483647;
			files = (
			);
			inputFileListPaths = (
			);
			inputPaths = (
			);
			outputFileListPaths = (
			);
			outputPaths = (
			);
			runOnlyForDeploymentPostprocessing = 0;
			shellPath = /bin/sh;
			shellScript = "if [[ \"$(uname -m)\" == arm64 ]]; then\n    export PATH=\"/opt/homebrew/bin:$PATH\"\nfi\n\nif which swiftlint > /dev/null && [ -e \"../../.swiftlint.yml\" ]; then\n# go to root directory\n  cd \"../../\"\n  swiftlint --config \"./.swiftlint.yml\" \"accesso-core\" \"accesso-wallet\"\nfi\n";
		};
/* End PBXShellScriptBuildPhase section */

/* Begin PBXSourcesBuildPhase section */
		BBDB34E22B06DA1D00FC5B5D /* Sources */ = {
			isa = PBXSourcesBuildPhase;
			buildActionMask = 2147483647;
			files = (
				BBDB34EC2B06DA1D00FC5B5D /* ContentView.swift in Sources */,
				BBDB34EA2B06DA1D00FC5B5D /* WalletSampleApp.swift in Sources */,
			);
			runOnlyForDeploymentPostprocessing = 0;
		};
/* End PBXSourcesBuildPhase section */

/* Begin XCBuildConfiguration section */
		BBDB35082B06DA1E00FC5B5D /* Debug */ = {
			isa = XCBuildConfiguration;
			buildSettings = {
				ALWAYS_SEARCH_USER_PATHS = NO;
				ASSETCATALOG_COMPILER_GENERATE_SWIFT_ASSET_SYMBOL_EXTENSIONS = YES;
				CLANG_ANALYZER_NONNULL = YES;
				CLANG_ANALYZER_NUMBER_OBJECT_CONVERSION = YES_AGGRESSIVE;
				CLANG_CXX_LANGUAGE_STANDARD = "gnu++20";
				CLANG_ENABLE_MODULES = YES;
				CLANG_ENABLE_OBJC_ARC = YES;
				CLANG_ENABLE_OBJC_WEAK = YES;
				CLANG_WARN_BLOCK_CAPTURE_AUTORELEASING = YES;
				CLANG_WARN_BOOL_CONVERSION = YES;
				CLANG_WARN_COMMA = YES;
				CLANG_WARN_CONSTANT_CONVERSION = YES;
				CLANG_WARN_DEPRECATED_OBJC_IMPLEMENTATIONS = YES;
				CLANG_WARN_DIRECT_OBJC_ISA_USAGE = YES_ERROR;
				CLANG_WARN_DOCUMENTATION_COMMENTS = YES;
				CLANG_WARN_EMPTY_BODY = YES;
				CLANG_WARN_ENUM_CONVERSION = YES;
				CLANG_WARN_INFINITE_RECURSION = YES;
				CLANG_WARN_INT_CONVERSION = YES;
				CLANG_WARN_NON_LITERAL_NULL_CONVERSION = YES;
				CLANG_WARN_OBJC_IMPLICIT_RETAIN_SELF = YES;
				CLANG_WARN_OBJC_LITERAL_CONVERSION = YES;
				CLANG_WARN_OBJC_ROOT_CLASS = YES_ERROR;
				CLANG_WARN_QUOTED_INCLUDE_IN_FRAMEWORK_HEADER = YES;
				CLANG_WARN_RANGE_LOOP_ANALYSIS = YES;
				CLANG_WARN_STRICT_PROTOTYPES = YES;
				CLANG_WARN_SUSPICIOUS_MOVE = YES;
				CLANG_WARN_UNGUARDED_AVAILABILITY = YES_AGGRESSIVE;
				CLANG_WARN_UNREACHABLE_CODE = YES;
				CLANG_WARN__DUPLICATE_METHOD_MATCH = YES;
				COPY_PHASE_STRIP = NO;
				DEBUG_INFORMATION_FORMAT = dwarf;
				ENABLE_STRICT_OBJC_MSGSEND = YES;
				ENABLE_TESTABILITY = YES;
				ENABLE_USER_SCRIPT_SANDBOXING = NO;
				GCC_C_LANGUAGE_STANDARD = gnu17;
				GCC_DYNAMIC_NO_PIC = NO;
				GCC_NO_COMMON_BLOCKS = YES;
				GCC_OPTIMIZATION_LEVEL = 0;
				GCC_PREPROCESSOR_DEFINITIONS = (
					"DEBUG=1",
					"$(inherited)",
				);
				GCC_WARN_64_TO_32_BIT_CONVERSION = YES;
				GCC_WARN_ABOUT_RETURN_TYPE = YES_ERROR;
				GCC_WARN_UNDECLARED_SELECTOR = YES;
				GCC_WARN_UNINITIALIZED_AUTOS = YES_AGGRESSIVE;
				GCC_WARN_UNUSED_FUNCTION = YES;
				GCC_WARN_UNUSED_VARIABLE = YES;
				IPHONEOS_DEPLOYMENT_TARGET = 15.0;
				LOCALIZATION_PREFERS_STRING_CATALOGS = YES;
				MTL_ENABLE_DEBUG_INFO = INCLUDE_SOURCE;
				MTL_FAST_MATH = YES;
				ONLY_ACTIVE_ARCH = YES;
				SDKROOT = "";
				SWIFT_ACTIVE_COMPILATION_CONDITIONS = "DEBUG $(inherited)";
				SWIFT_OPTIMIZATION_LEVEL = "-Onone";
				VALIDATE_PRODUCT = NO;
			};
			name = Debug;
		};
		BBDB35092B06DA1E00FC5B5D /* Release */ = {
			isa = XCBuildConfiguration;
			buildSettings = {
				ALWAYS_SEARCH_USER_PATHS = NO;
				ASSETCATALOG_COMPILER_GENERATE_SWIFT_ASSET_SYMBOL_EXTENSIONS = YES;
				CLANG_ANALYZER_NONNULL = YES;
				CLANG_ANALYZER_NUMBER_OBJECT_CONVERSION = YES_AGGRESSIVE;
				CLANG_CXX_LANGUAGE_STANDARD = "gnu++20";
				CLANG_ENABLE_MODULES = YES;
				CLANG_ENABLE_OBJC_ARC = YES;
				CLANG_ENABLE_OBJC_WEAK = YES;
				CLANG_WARN_BLOCK_CAPTURE_AUTORELEASING = YES;
				CLANG_WARN_BOOL_CONVERSION = YES;
				CLANG_WARN_COMMA = YES;
				CLANG_WARN_CONSTANT_CONVERSION = YES;
				CLANG_WARN_DEPRECATED_OBJC_IMPLEMENTATIONS = YES;
				CLANG_WARN_DIRECT_OBJC_ISA_USAGE = YES_ERROR;
				CLANG_WARN_DOCUMENTATION_COMMENTS = YES;
				CLANG_WARN_EMPTY_BODY = YES;
				CLANG_WARN_ENUM_CONVERSION = YES;
				CLANG_WARN_INFINITE_RECURSION = YES;
				CLANG_WARN_INT_CONVERSION = YES;
				CLANG_WARN_NON_LITERAL_NULL_CONVERSION = YES;
				CLANG_WARN_OBJC_IMPLICIT_RETAIN_SELF = YES;
				CLANG_WARN_OBJC_LITERAL_CONVERSION = YES;
				CLANG_WARN_OBJC_ROOT_CLASS = YES_ERROR;
				CLANG_WARN_QUOTED_INCLUDE_IN_FRAMEWORK_HEADER = YES;
				CLANG_WARN_RANGE_LOOP_ANALYSIS = YES;
				CLANG_WARN_STRICT_PROTOTYPES = YES;
				CLANG_WARN_SUSPICIOUS_MOVE = YES;
				CLANG_WARN_UNGUARDED_AVAILABILITY = YES_AGGRESSIVE;
				CLANG_WARN_UNREACHABLE_CODE = YES;
				CLANG_WARN__DUPLICATE_METHOD_MATCH = YES;
				COPY_PHASE_STRIP = NO;
				DEBUG_INFORMATION_FORMAT = "dwarf-with-dsym";
				ENABLE_NS_ASSERTIONS = NO;
				ENABLE_STRICT_OBJC_MSGSEND = YES;
				ENABLE_USER_SCRIPT_SANDBOXING = NO;
				GCC_C_LANGUAGE_STANDARD = gnu17;
				GCC_NO_COMMON_BLOCKS = YES;
				GCC_WARN_64_TO_32_BIT_CONVERSION = YES;
				GCC_WARN_ABOUT_RETURN_TYPE = YES_ERROR;
				GCC_WARN_UNDECLARED_SELECTOR = YES;
				GCC_WARN_UNINITIALIZED_AUTOS = YES_AGGRESSIVE;
				GCC_WARN_UNUSED_FUNCTION = YES;
				GCC_WARN_UNUSED_VARIABLE = YES;
				IPHONEOS_DEPLOYMENT_TARGET = 15.0;
				LOCALIZATION_PREFERS_STRING_CATALOGS = YES;
				MTL_ENABLE_DEBUG_INFO = NO;
				MTL_FAST_MATH = YES;
				SDKROOT = "";
				SWIFT_COMPILATION_MODE = wholemodule;
				VALIDATE_PRODUCT = NO;
			};
			name = Release;
		};
		BBDB350B2B06DA1E00FC5B5D /* Debug */ = {
			isa = XCBuildConfiguration;
			buildSettings = {
				ASSETCATALOG_COMPILER_APPICON_NAME = AppIcon;
				ASSETCATALOG_COMPILER_GLOBAL_ACCENT_COLOR_NAME = AccentColor;
				CODE_SIGN_STYLE = Automatic;
				CURRENT_PROJECT_VERSION = 1;
				DEVELOPMENT_ASSET_PATHS = "\"WalletSample/Preview Content\"";
				DEVELOPMENT_TEAM = 3ZT729QPPS;
				ENABLE_PREVIEWS = YES;
				GENERATE_INFOPLIST_FILE = YES;
				INFOPLIST_KEY_UIApplicationSceneManifest_Generation = YES;
				INFOPLIST_KEY_UIApplicationSupportsIndirectInputEvents = YES;
				INFOPLIST_KEY_UILaunchScreen_Generation = YES;
				INFOPLIST_KEY_UISupportedInterfaceOrientations = UIInterfaceOrientationPortrait;
				INFOPLIST_KEY_UISupportedInterfaceOrientations_iPad = "UIInterfaceOrientationLandscapeLeft UIInterfaceOrientationLandscapeRight UIInterfaceOrientationPortrait UIInterfaceOrientationPortraitUpsideDown";
				IPHONEOS_DEPLOYMENT_TARGET = 17.0;
				LD_RUNPATH_SEARCH_PATHS = (
					"$(inherited)",
					"@executable_path/Frameworks",
				);
				MARKETING_VERSION = 1.0;
				PRODUCT_BUNDLE_IDENTIFIER = com.accesso.WalletSample;
				PRODUCT_NAME = "$(TARGET_NAME)";
				SUPPORTED_PLATFORMS = "iphoneos iphonesimulator";
				SUPPORTS_MACCATALYST = NO;
				SUPPORTS_MAC_DESIGNED_FOR_IPHONE_IPAD = YES;
				SWIFT_EMIT_LOC_STRINGS = YES;
				SWIFT_VERSION = 5.0;
				TARGETED_DEVICE_FAMILY = "1,2";
			};
			name = Debug;
		};
		BBDB350C2B06DA1E00FC5B5D /* Release */ = {
			isa = XCBuildConfiguration;
			buildSettings = {
				ASSETCATALOG_COMPILER_APPICON_NAME = AppIcon;
				ASSETCATALOG_COMPILER_GLOBAL_ACCENT_COLOR_NAME = AccentColor;
				CODE_SIGN_STYLE = Automatic;
				CURRENT_PROJECT_VERSION = 1;
				DEVELOPMENT_ASSET_PATHS = "\"WalletSample/Preview Content\"";
				DEVELOPMENT_TEAM = 3ZT729QPPS;
				ENABLE_PREVIEWS = YES;
				GENERATE_INFOPLIST_FILE = YES;
				INFOPLIST_KEY_UIApplicationSceneManifest_Generation = YES;
				INFOPLIST_KEY_UIApplicationSupportsIndirectInputEvents = YES;
				INFOPLIST_KEY_UILaunchScreen_Generation = YES;
				INFOPLIST_KEY_UISupportedInterfaceOrientations = UIInterfaceOrientationPortrait;
				INFOPLIST_KEY_UISupportedInterfaceOrientations_iPad = "UIInterfaceOrientationLandscapeLeft UIInterfaceOrientationLandscapeRight UIInterfaceOrientationPortrait UIInterfaceOrientationPortraitUpsideDown";
				IPHONEOS_DEPLOYMENT_TARGET = 17.0;
				LD_RUNPATH_SEARCH_PATHS = (
					"$(inherited)",
					"@executable_path/Frameworks",
				);
				MARKETING_VERSION = 1.0;
				PRODUCT_BUNDLE_IDENTIFIER = com.accesso.WalletSample;
				PRODUCT_NAME = "$(TARGET_NAME)";
				SUPPORTED_PLATFORMS = "iphoneos iphonesimulator";
				SUPPORTS_MACCATALYST = NO;
				SUPPORTS_MAC_DESIGNED_FOR_IPHONE_IPAD = YES;
				SWIFT_EMIT_LOC_STRINGS = YES;
				SWIFT_VERSION = 5.0;
				TARGETED_DEVICE_FAMILY = "1,2";
			};
			name = Release;
		};
/* End XCBuildConfiguration section */

/* Begin XCConfigurationList section */
		BBDB34E12B06DA1D00FC5B5D /* Build configuration list for PBXProject "WalletSample" */ = {
			isa = XCConfigurationList;
			buildConfigurations = (
				BBDB35082B06DA1E00FC5B5D /* Debug */,
				BBDB35092B06DA1E00FC5B5D /* Release */,
			);
			defaultConfigurationIsVisible = 0;
			defaultConfigurationName = Release;
		};
		BBDB350A2B06DA1E00FC5B5D /* Build configuration list for PBXNativeTarget "WalletSample" */ = {
			isa = XCConfigurationList;
			buildConfigurations = (
				BBDB350B2B06DA1E00FC5B5D /* Debug */,
				BBDB350C2B06DA1E00FC5B5D /* Release */,
			);
			defaultConfigurationIsVisible = 0;
			defaultConfigurationName = Release;
		};
/* End XCConfigurationList section */
	};
	rootObject = BBDB34DE2B06DA1D00FC5B5D /* Project object */;
}
